
Microsoft Visual Studio Solution File, Format Version 12.00
# Visual Studio 15
VisualStudioVersion = 15.0.28307.329
MinimumVisualStudioVersion = 10.0.40219.1
Project("{9A19103F-16F7-4668-BE54-9A1E7A4F7556}") = "Quicker", "src\Quicker\Quicker.csproj", "{EF78CE99-04E9-4204-A0E4-3C23EF51A0EA}"
EndProject
Project("{9A19103F-16F7-4668-BE54-9A1E7A4F7556}") = "Quicker.Tests", "test\Quicker.Tests\Quicker.Tests.csproj", "{4FC070E4-8C8F-47B0-8127-2618858E0E7E}"
EndProject
Project("{9A19103F-16F7-4668-BE54-9A1E7A4F7556}") = "Quicker.Benchmarks", "test\Quicker.Benchmarks\Quicker.Benchmarks.csproj", "{242153D9-778E-450D-AF55-BEB9D8B87D9C}"
EndProject
Project("{2150E333-8FDC-42A3-9474-1A3956D46DE8}") = "Solution Items", "Solution Items", "{D54D49E2-2B42-46B0-8554-BE8DBA207E9D}"
	ProjectSection(SolutionItems) = preProject
		favicon.ico = favicon.ico
		README.md = README.md
	EndProjectSection
EndProject
Global
	GlobalSection(SolutionConfigurationPlatforms) = preSolution
		Debug|Any CPU = Debug|Any CPU
		Release|Any CPU = Release|Any CPU
	EndGlobalSection
	GlobalSection(ProjectConfigurationPlatforms) = postSolution
		{EF78CE99-04E9-4204-A0E4-3C23EF51A0EA}.Debug|Any CPU.ActiveCfg = Debug|Any CPU
		{EF78CE99-04E9-4204-A0E4-3C23EF51A0EA}.Debug|Any CPU.Build.0 = Debug|Any CPU
		{EF78CE99-04E9-4204-A0E4-3C23EF51A0EA}.Release|Any CPU.ActiveCfg = Release|Any CPU
		{EF78CE99-04E9-4204-A0E4-3C23EF51A0EA}.Release|Any CPU.Build.0 = Release|Any CPU
		{4FC070E4-8C8F-47B0-8127-2618858E0E7E}.Debug|Any CPU.ActiveCfg = Debug|Any CPU
		{4FC070E4-8C8F-47B0-8127-2618858E0E7E}.Debug|Any CPU.Build.0 = Debug|Any CPU
		{4FC070E4-8C8F-47B0-8127-2618858E0E7E}.Release|Any CPU.ActiveCfg = Release|Any CPU
		{4FC070E4-8C8F-47B0-8127-2618858E0E7E}.Release|Any CPU.Build.0 = Release|Any CPU
		{242153D9-778E-450D-AF55-BEB9D8B87D9C}.Debug|Any CPU.ActiveCfg = Debug|Any CPU
		{242153D9-778E-450D-AF55-BEB9D8B87D9C}.Debug|Any CPU.Build.0 = Debug|Any CPU
		{242153D9-778E-450D-AF55-BEB9D8B87D9C}.Release|Any CPU.ActiveCfg = Release|Any CPU
		{242153D9-778E-450D-AF55-BEB9D8B87D9C}.Release|Any CPU.Build.0 = Release|Any CPU
	EndGlobalSection
	GlobalSection(SolutionProperties) = preSolution
		HideSolutionNode = FALSE
	EndGlobalSection
	GlobalSection(ExtensibilityGlobals) = postSolution
		SolutionGuid = {720D09C3-A149-4DA1-8C69-F796422D2DFA}
	EndGlobalSection
EndGlobal
